// !$*UTF8*$!
{
	archiveVersion = 1;
	classes = {
	};
	objectVersion = 56;
	objects = {

/* Begin PBXBuildFile section */
		5950B3D32B69DE8F003A1317 /* Routine2App.swift in Sources */ = {isa = PBXBuildFile; fileRef = 5950B3D22B69DE8F003A1317 /* Routine2App.swift */; };
		5950B3D52B69DE8F003A1317 /* ContentView.swift in Sources */ = {isa = PBXBuildFile; fileRef = 5950B3D42B69DE8F003A1317 /* ContentView.swift */; };
		5950B3D72B69DE91003A1317 /* Assets.xcassets in Resources */ = {isa = PBXBuildFile; fileRef = 5950B3D62B69DE91003A1317 /* Assets.xcassets */; };
		5950B3DA2B69DE91003A1317 /* Preview Assets.xcassets in Resources */ = {isa = PBXBuildFile; fileRef = 5950B3D92B69DE91003A1317 /* Preview Assets.xcassets */; };
		5950B3E12B69F607003A1317 /* Checklist.swift in Sources */ = {isa = PBXBuildFile; fileRef = 5950B3E02B69F606003A1317 /* Checklist.swift */; };
		5950B3E32B6B44F4003A1317 /* Dailies.swift in Sources */ = {isa = PBXBuildFile; fileRef = 5950B3E22B6B44F4003A1317 /* Dailies.swift */; };
		5950B3E52B6B469D003A1317 /* Monthlies.swift in Sources */ = {isa = PBXBuildFile; fileRef = 5950B3E42B6B469D003A1317 /* Monthlies.swift */; };
		5950B3E72B6F3E5A003A1317 /* MenuButton.swift in Sources */ = {isa = PBXBuildFile; fileRef = 5950B3E62B6F3E5A003A1317 /* MenuButton.swift */; };
		5950B3E92B71E06C003A1317 /* MealBreak.swift in Sources */ = {isa = PBXBuildFile; fileRef = 5950B3E82B71E06C003A1317 /* MealBreak.swift */; };
		5950B3EB2B71F1C2003A1317 /* Journaling.swift in Sources */ = {isa = PBXBuildFile; fileRef = 5950B3EA2B71F1C2003A1317 /* Journaling.swift */; };
		59AF52E12B86E229000184AF /* Weeklies.swift in Sources */ = {isa = PBXBuildFile; fileRef = 59AF52E02B86E229000184AF /* Weeklies.swift */; };
		59AF52E32B8CFD2A000184AF /* ChecklistItem.swift in Sources */ = {isa = PBXBuildFile; fileRef = 59AF52E22B8CFD2A000184AF /* ChecklistItem.swift */; };
		59AF52E52B8D36D2000184AF /* Dingbats.swift in Sources */ = {isa = PBXBuildFile; fileRef = 59AF52E42B8D36D2000184AF /* Dingbats.swift */; };
/* End PBXBuildFile section */

/* Begin PBXFileReference section */
		5950B3CF2B69DE8F003A1317 /* Routine2.app */ = {isa = PBXFileReference; explicitFileType = wrapper.application; includeInIndex = 0; path = Routine2.app; sourceTree = BUILT_PRODUCTS_DIR; };
		5950B3D22B69DE8F003A1317 /* Routine2App.swift */ = {isa = PBXFileReference; lastKnownFileType = sourcecode.swift; path = Routine2App.swift; sourceTree = "<group>"; };
		5950B3D42B69DE8F003A1317 /* ContentView.swift */ = {isa = PBXFileReference; lastKnownFileType = sourcecode.swift; path = ContentView.swift; sourceTree = "<group>"; };
		5950B3D62B69DE91003A1317 /* Assets.xcassets */ = {isa = PBXFileReference; lastKnownFileType = folder.assetcatalog; path = Assets.xcassets; sourceTree = "<group>"; };
		5950B3D92B69DE91003A1317 /* Preview Assets.xcassets */ = {isa = PBXFileReference; lastKnownFileType = folder.assetcatalog; path = "Preview Assets.xcassets"; sourceTree = "<group>"; };
		5950B3E02B69F606003A1317 /* Checklist.swift */ = {isa = PBXFileReference; lastKnownFileType = sourcecode.swift; path = Checklist.swift; sourceTree = "<group>"; };
		5950B3E22B6B44F4003A1317 /* Dailies.swift */ = {isa = PBXFileReference; lastKnownFileType = sourcecode.swift; path = Dailies.swift; sourceTree = "<group>"; };
		5950B3E42B6B469D003A1317 /* Monthlies.swift */ = {isa = PBXFileReference; lastKnownFileType = sourcecode.swift; path = Monthlies.swift; sourceTree = "<group>"; };
		5950B3E62B6F3E5A003A1317 /* MenuButton.swift */ = {isa = PBXFileReference; lastKnownFileType = sourcecode.swift; path = MenuButton.swift; sourceTree = "<group>"; };
		5950B3E82B71E06C003A1317 /* MealBreak.swift */ = {isa = PBXFileReference; lastKnownFileType = sourcecode.swift; path = MealBreak.swift; sourceTree = "<group>"; };
		5950B3EA2B71F1C2003A1317 /* Journaling.swift */ = {isa = PBXFileReference; lastKnownFileType = sourcecode.swift; path = Journaling.swift; sourceTree = "<group>"; };
		59AF52E02B86E229000184AF /* Weeklies.swift */ = {isa = PBXFileReference; lastKnownFileType = sourcecode.swift; path = Weeklies.swift; sourceTree = "<group>"; };
		59AF52E22B8CFD2A000184AF /* ChecklistItem.swift */ = {isa = PBXFileReference; lastKnownFileType = sourcecode.swift; path = ChecklistItem.swift; sourceTree = "<group>"; };
		59AF52E42B8D36D2000184AF /* Dingbats.swift */ = {isa = PBXFileReference; lastKnownFileType = sourcecode.swift; path = Dingbats.swift; sourceTree = "<group>"; };
/* End PBXFileReference section */

/* Begin PBXFrameworksBuildPhase section */
		5950B3CC2B69DE8F003A1317 /* Frameworks */ = {
			isa = PBXFrameworksBuildPhase;
			buildActionMask = 2147483647;
			files = (
			);
			runOnlyForDeploymentPostprocessing = 0;
		};
/* End PBXFrameworksBuildPhase section */

/* Begin PBXGroup section */
		5950B3C62B69DE8F003A1317 = {
			isa = PBXGroup;
			children = (
				5950B3D12B69DE8F003A1317 /* Routine2 */,
				5950B3D02B69DE8F003A1317 /* Products */,
			);
			sourceTree = "<group>";
		};
		5950B3D02B69DE8F003A1317 /* Products */ = {
			isa = PBXGroup;
			children = (
				5950B3CF2B69DE8F003A1317 /* Routine2.app */,
			);
			name = Products;
			sourceTree = "<group>";
		};
		5950B3D12B69DE8F003A1317 /* Routine2 */ = {
			isa = PBXGroup;
			children = (
				5950B3D22B69DE8F003A1317 /* Routine2App.swift */,
				5950B3D42B69DE8F003A1317 /* ContentView.swift */,
				5950B3E22B6B44F4003A1317 /* Dailies.swift */,
				59AF52E02B86E229000184AF /* Weeklies.swift */,
				5950B3E42B6B469D003A1317 /* Monthlies.swift */,
				5950B3EC2B71F1D8003A1317 /* Building Blocks */,
				5950B3D62B69DE91003A1317 /* Assets.xcassets */,
				5950B3D82B69DE91003A1317 /* Preview Content */,
			);
			path = Routine2;
			sourceTree = "<group>";
		};
		5950B3D82B69DE91003A1317 /* Preview Content */ = {
			isa = PBXGroup;
			children = (
				5950B3D92B69DE91003A1317 /* Preview Assets.xcassets */,
			);
			path = "Preview Content";
			sourceTree = "<group>";
		};
		5950B3EC2B71F1D8003A1317 /* Building Blocks */ = {
			isa = PBXGroup;
			children = (
				59AF52E42B8D36D2000184AF /* Dingbats.swift */,
				5950B3E62B6F3E5A003A1317 /* MenuButton.swift */,
				5950B3E02B69F606003A1317 /* Checklist.swift */,
				59AF52E22B8CFD2A000184AF /* ChecklistItem.swift */,
				5950B3E82B71E06C003A1317 /* MealBreak.swift */,
				5950B3EA2B71F1C2003A1317 /* Journaling.swift */,
			);
			path = "Building Blocks";
			sourceTree = "<group>";
		};
/* End PBXGroup section */

/* Begin PBXNativeTarget section */
		5950B3CE2B69DE8F003A1317 /* Routine2 */ = {
			isa = PBXNativeTarget;
			buildConfigurationList = 5950B3DD2B69DE91003A1317 /* Build configuration list for PBXNativeTarget "Routine2" */;
			buildPhases = (
				5950B3CB2B69DE8F003A1317 /* Sources */,
				5950B3CC2B69DE8F003A1317 /* Frameworks */,
				5950B3CD2B69DE8F003A1317 /* Resources */,
			);
			buildRules = (
			);
			dependencies = (
			);
			name = Routine2;
			productName = Routine2;
			productReference = 5950B3CF2B69DE8F003A1317 /* Routine2.app */;
			productType = "com.apple.product-type.application";
		};
/* End PBXNativeTarget section */

/* Begin PBXProject section */
		5950B3C72B69DE8F003A1317 /* Project object */ = {
			isa = PBXProject;
			attributes = {
				BuildIndependentTargetsInParallel = 1;
				LastSwiftUpdateCheck = 1520;
				LastUpgradeCheck = 1520;
				TargetAttributes = {
					5950B3CE2B69DE8F003A1317 = {
						CreatedOnToolsVersion = 15.2;
					};
				};
			};
			buildConfigurationList = 5950B3CA2B69DE8F003A1317 /* Build configuration list for PBXProject "Routine2" */;
			compatibilityVersion = "Xcode 14.0";
			developmentRegion = en;
			hasScannedForEncodings = 0;
			knownRegions = (
				en,
				Base,
			);
			mainGroup = 5950B3C62B69DE8F003A1317;
			productRefGroup = 5950B3D02B69DE8F003A1317 /* Products */;
			projectDirPath = "";
			projectRoot = "";
			targets = (
				5950B3CE2B69DE8F003A1317 /* Routine2 */,
			);
		};
/* End PBXProject section */

/* Begin PBXResourcesBuildPhase section */
		5950B3CD2B69DE8F003A1317 /* Resources */ = {
			isa = PBXResourcesBuildPhase;
			buildActionMask = 2147483647;
			files = (
				5950B3DA2B69DE91003A1317 /* Preview Assets.xcassets in Resources */,
				5950B3D72B69DE91003A1317 /* Assets.xcassets in Resources */,
			);
			runOnlyForDeploymentPostprocessing = 0;
		};
/* End PBXResourcesBuildPhase section */

/* Begin PBXSourcesBuildPhase section */
		5950B3CB2B69DE8F003A1317 /* Sources */ = {
			isa = PBXSourcesBuildPhase;
			buildActionMask = 2147483647;
			files = (
				5950B3E52B6B469D003A1317 /* Monthlies.swift in Sources */,
				59AF52E52B8D36D2000184AF /* Dingbats.swift in Sources */,
				59AF52E32B8CFD2A000184AF /* ChecklistItem.swift in Sources */,
				59AF52E12B86E229000184AF /* Weeklies.swift in Sources */,
				5950B3D52B69DE8F003A1317 /* ContentView.swift in Sources */,
				5950B3D32B69DE8F003A1317 /* Routine2App.swift in Sources */,
				5950B3E12B69F607003A1317 /* Checklist.swift in Sources */,
				5950B3EB2B71F1C2003A1317 /* Journaling.swift in Sources */,
				5950B3E92B71E06C003A1317 /* MealBreak.swift in Sources */,
				5950B3E72B6F3E5A003A1317 /* MenuButton.swift in Sources */,
				5950B3E32B6B44F4003A1317 /* Dailies.swift in Sources */,
			);
			runOnlyForDeploymentPostprocessing = 0;
		};
/* End PBXSourcesBuildPhase section */

/* Begin XCBuildConfiguration section */
		5950B3DB2B69DE91003A1317 /* Debug */ = {
			isa = XCBuildConfiguration;
			buildSettings = {
				ALWAYS_SEARCH_USER_PATHS = NO;
				ASSETCATALOG_COMPILER_GENERATE_SWIFT_ASSET_SYMBOL_EXTENSIONS = YES;
				CLANG_ANALYZER_NONNULL = YES;
				CLANG_ANALYZER_NUMBER_OBJECT_CONVERSION = YES_AGGRESSIVE;
				CLANG_CXX_LANGUAGE_STANDARD = "gnu++20";
				CLANG_ENABLE_MODULES = YES;
				CLANG_ENABLE_OBJC_ARC = YES;
				CLANG_ENABLE_OBJC_WEAK = YES;
				CLANG_WARN_BLOCK_CAPTURE_AUTORELEASING = YES;
				CLANG_WARN_BOOL_CONVERSION = YES;
				CLANG_WARN_COMMA = YES;
				CLANG_WARN_CONSTANT_CONVERSION = YES;
				CLANG_WARN_DEPRECATED_OBJC_IMPLEMENTATIONS = YES;
				CLANG_WARN_DIRECT_OBJC_ISA_USAGE = YES_ERROR;
				CLANG_WARN_DOCUMENTATION_COMMENTS = YES;
				CLANG_WARN_EMPTY_BODY = YES;
				CLANG_WARN_ENUM_CONVERSION = YES;
				CLANG_WARN_INFINITE_RECURSION = YES;
				CLANG_WARN_INT_CONVERSION = YES;
				CLANG_WARN_NON_LITERAL_NULL_CONVERSION = YES;
				CLANG_WARN_OBJC_IMPLICIT_RETAIN_SELF = YES;
				CLANG_WARN_OBJC_LITERAL_CONVERSION = YES;
				CLANG_WARN_OBJC_ROOT_CLASS = YES_ERROR;
				CLANG_WARN_QUOTED_INCLUDE_IN_FRAMEWORK_HEADER = YES;
				CLANG_WARN_RANGE_LOOP_ANALYSIS = YES;
				CLANG_WARN_STRICT_PROTOTYPES = YES;
				CLANG_WARN_SUSPICIOUS_MOVE = YES;
				CLANG_WARN_UNGUARDED_AVAILABILITY = YES_AGGRESSIVE;
				CLANG_WARN_UNREACHABLE_CODE = YES;
				CLANG_WARN__DUPLICATE_METHOD_MATCH = YES;
				COPY_PHASE_STRIP = NO;
				DEBUG_INFORMATION_FORMAT = dwarf;
				ENABLE_STRICT_OBJC_MSGSEND = YES;
				ENABLE_TESTABILITY = YES;
				ENABLE_USER_SCRIPT_SANDBOXING = YES;
				GCC_C_LANGUAGE_STANDARD = gnu17;
				GCC_DYNAMIC_NO_PIC = NO;
				GCC_NO_COMMON_BLOCKS = YES;
				GCC_OPTIMIZATION_LEVEL = 0;
				GCC_PREPROCESSOR_DEFINITIONS = (
					"DEBUG=1",
					"$(inherited)",
				);
				GCC_WARN_64_TO_32_BIT_CONVERSION = YES;
				GCC_WARN_ABOUT_RETURN_TYPE = YES_ERROR;
				GCC_WARN_UNDECLARED_SELECTOR = YES;
				GCC_WARN_UNINITIALIZED_AUTOS = YES_AGGRESSIVE;
				GCC_WARN_UNUSED_FUNCTION = YES;
				GCC_WARN_UNUSED_VARIABLE = YES;
				IPHONEOS_DEPLOYMENT_TARGET = 17.2;
				LOCALIZATION_PREFERS_STRING_CATALOGS = YES;
				MTL_ENABLE_DEBUG_INFO = INCLUDE_SOURCE;
				MTL_FAST_MATH = YES;
				ONLY_ACTIVE_ARCH = YES;
				SDKROOT = iphoneos;
				SWIFT_ACTIVE_COMPILATION_CONDITIONS = "DEBUG $(inherited)";
				SWIFT_OPTIMIZATION_LEVEL = "-Onone";
			};
			name = Debug;
		};
		5950B3DC2B69DE91003A1317 /* Release */ = {
			isa = XCBuildConfiguration;
			buildSettings = {
				ALWAYS_SEARCH_USER_PATHS = NO;
				ASSETCATALOG_COMPILER_GENERATE_SWIFT_ASSET_SYMBOL_EXTENSIONS = YES;
				CLANG_ANALYZER_NONNULL = YES;
				CLANG_ANALYZER_NUMBER_OBJECT_CONVERSION = YES_AGGRESSIVE;
				CLANG_CXX_LANGUAGE_STANDARD = "gnu++20";
				CLANG_ENABLE_MODULES = YES;
				CLANG_ENABLE_OBJC_ARC = YES;
				CLANG_ENABLE_OBJC_WEAK = YES;
				CLANG_WARN_BLOCK_CAPTURE_AUTORELEASING = YES;
				CLANG_WARN_BOOL_CONVERSION = YES;
				CLANG_WARN_COMMA = YES;
				CLANG_WARN_CONSTANT_CONVERSION = YES;
				CLANG_WARN_DEPRECATED_OBJC_IMPLEMENTATIONS = YES;
				CLANG_WARN_DIRECT_OBJC_ISA_USAGE = YES_ERROR;
				CLANG_WARN_DOCUMENTATION_COMMENTS = YES;
				CLANG_WARN_EMPTY_BODY = YES;
				CLANG_WARN_ENUM_CONVERSION = YES;
				CLANG_WARN_INFINITE_RECURSION = YES;
				CLANG_WARN_INT_CONVERSION = YES;
				CLANG_WARN_NON_LITERAL_NULL_CONVERSION = YES;
				CLANG_WARN_OBJC_IMPLICIT_RETAIN_SELF = YES;
				CLANG_WARN_OBJC_LITERAL_CONVERSION = YES;
				CLANG_WARN_OBJC_ROOT_CLASS = YES_ERROR;
				CLANG_WARN_QUOTED_INCLUDE_IN_FRAMEWORK_HEADER = YES;
				CLANG_WARN_RANGE_LOOP_ANALYSIS = YES;
				CLANG_WARN_STRICT_PROTOTYPES = YES;
				CLANG_WARN_SUSPICIOUS_MOVE = YES;
				CLANG_WARN_UNGUARDED_AVAILABILITY = YES_AGGRESSIVE;
				CLANG_WARN_UNREACHABLE_CODE = YES;
				CLANG_WARN__DUPLICATE_METHOD_MATCH = YES;
				COPY_PHASE_STRIP = NO;
				DEBUG_INFORMATION_FORMAT = "dwarf-with-dsym";
				ENABLE_NS_ASSERTIONS = NO;
				ENABLE_STRICT_OBJC_MSGSEND = YES;
				ENABLE_USER_SCRIPT_SANDBOXING = YES;
				GCC_C_LANGUAGE_STANDARD = gnu17;
				GCC_NO_COMMON_BLOCKS = YES;
				GCC_WARN_64_TO_32_BIT_CONVERSION = YES;
				GCC_WARN_ABOUT_RETURN_TYPE = YES_ERROR;
				GCC_WARN_UNDECLARED_SELECTOR = YES;
				GCC_WARN_UNINITIALIZED_AUTOS = YES_AGGRESSIVE;
				GCC_WARN_UNUSED_FUNCTION = YES;
				GCC_WARN_UNUSED_VARIABLE = YES;
				IPHONEOS_DEPLOYMENT_TARGET = 17.2;
				LOCALIZATION_PREFERS_STRING_CATALOGS = YES;
				MTL_ENABLE_DEBUG_INFO = NO;
				MTL_FAST_MATH = YES;
				SDKROOT = iphoneos;
				SWIFT_COMPILATION_MODE = wholemodule;
				VALIDATE_PRODUCT = YES;
			};
			name = Release;
		};
		5950B3DE2B69DE91003A1317 /* Debug */ = {
			isa = XCBuildConfiguration;
			buildSettings = {
				ASSETCATALOG_COMPILER_APPICON_NAME = AppIcon;
				ASSETCATALOG_COMPILER_GLOBAL_ACCENT_COLOR_NAME = AccentColor;
				CODE_SIGN_STYLE = Automatic;
				CURRENT_PROJECT_VERSION = 1;
				DEVELOPMENT_ASSET_PATHS = "\"Routine2/Preview Content\"";
				DEVELOPMENT_TEAM = 52AJ924NLH;
				ENABLE_PREVIEWS = YES;
				GENERATE_INFOPLIST_FILE = YES;
				INFOPLIST_KEY_CFBundleDisplayName = Focalo;
				INFOPLIST_KEY_UIApplicationSceneManifest_Generation = YES;
				INFOPLIST_KEY_UIApplicationSupportsIndirectInputEvents = YES;
				INFOPLIST_KEY_UILaunchScreen_Generation = YES;
				INFOPLIST_KEY_UISupportedInterfaceOrientations_iPad = "UIInterfaceOrientationPortrait UIInterfaceOrientationPortraitUpsideDown UIInterfaceOrientationLandscapeLeft UIInterfaceOrientationLandscapeRight";
				INFOPLIST_KEY_UISupportedInterfaceOrientations_iPhone = "UIInterfaceOrientationPortrait UIInterfaceOrientationLandscapeLeft UIInterfaceOrientationLandscapeRight";
				LD_RUNPATH_SEARCH_PATHS = (
					"$(inherited)",
					"@executable_path/Frameworks",
				);
				MARKETING_VERSION = 1.0;
				PRODUCT_BUNDLE_IDENTIFIER = com.alexwesterlund.Routine2;
				PRODUCT_NAME = "$(TARGET_NAME)";
				SWIFT_EMIT_LOC_STRINGS = YES;
				SWIFT_VERSION = 5.0;
				TARGETED_DEVICE_FAMILY = "1,2";
			};
			name = Debug;
		};
		5950B3DF2B69DE91003A1317 /* Release */ = {
			isa = XCBuildConfiguration;
			buildSettings = {
				ASSETCATALOG_COMPILER_APPICON_NAME = AppIcon;
				ASSETCATALOG_COMPILER_GLOBAL_ACCENT_COLOR_NAME = AccentColor;
				CODE_SIGN_STYLE = Automatic;
				CURRENT_PROJECT_VERSION = 1;
				DEVELOPMENT_ASSET_PATHS = "\"Routine2/Preview Content\"";
				DEVELOPMENT_TEAM = 52AJ924NLH;
				ENABLE_PREVIEWS = YES;
				GENERATE_INFOPLIST_FILE = YES;
				INFOPLIST_KEY_CFBundleDisplayName = Focalo;
				INFOPLIST_KEY_UIApplicationSceneManifest_Generation = YES;
				INFOPLIST_KEY_UIApplicationSupportsIndirectInputEvents = YES;
				INFOPLIST_KEY_UILaunchScreen_Generation = YES;
				INFOPLIST_KEY_UISupportedInterfaceOrientations_iPad = "UIInterfaceOrientationPortrait UIInterfaceOrientationPortraitUpsideDown UIInterfaceOrientationLandscapeLeft UIInterfaceOrientationLandscapeRight";
				INFOPLIST_KEY_UISupportedInterfaceOrientations_iPhone = "UIInterfaceOrientationPortrait UIInterfaceOrientationLandscapeLeft UIInterfaceOrientationLandscapeRight";
				LD_RUNPATH_SEARCH_PATHS = (
					"$(inherited)",
					"@executable_path/Frameworks",
				);
				MARKETING_VERSION = 1.0;
				PRODUCT_BUNDLE_IDENTIFIER = com.alexwesterlund.Routine2;
				PRODUCT_NAME = "$(TARGET_NAME)";
				SWIFT_EMIT_LOC_STRINGS = YES;
				SWIFT_VERSION = 5.0;
				TARGETED_DEVICE_FAMILY = "1,2";
			};
			name = Release;
		};
/* End XCBuildConfiguration section */

/* Begin XCConfigurationList section */
		5950B3CA2B69DE8F003A1317 /* Build configuration list for PBXProject "Routine2" */ = {
			isa = XCConfigurationList;
			buildConfigurations = (
				5950B3DB2B69DE91003A1317 /* Debug */,
				5950B3DC2B69DE91003A1317 /* Release */,
			);
			defaultConfigurationIsVisible = 0;
			defaultConfigurationName = Release;
		};
		5950B3DD2B69DE91003A1317 /* Build configuration list for PBXNativeTarget "Routine2" */ = {
			isa = XCConfigurationList;
			buildConfigurations = (
				5950B3DE2B69DE91003A1317 /* Debug */,
				5950B3DF2B69DE91003A1317 /* Release */,
			);
			defaultConfigurationIsVisible = 0;
			defaultConfigurationName = Release;
		};
/* End XCConfigurationList section */
	};
	rootObject = 5950B3C72B69DE8F003A1317 /* Project object */;
}
